{
  "name": "curso-nextjs",
  "lockfileVersion": 3,
  "requires": true,
  "packages": {
    "": {
      "dependencies": {
        "@primer/octicons-react": "^19.20.0"
      }
    },
    "node_modules/@primer/octicons-react": {
      "version": "19.20.0",
      "resolved": "https://registry.npmjs.org/@primer/octicons-react/-/octicons-react-19.20.0.tgz",
      "integrity": "sha512-+yqwV1h6UIpBu0EQEf14A0IVh1Z6XwE9zD3SOXvpfCC5tQPh4cxxThuYfvGVUmh2UBLl/20dK9XWQ6nlpMkdiw==",
      "license": "MIT",
      "engines": {
        "node": ">=8"
      },
      "peerDependencies": {
        "react": ">=16.3"
      }
    },
    "node_modules/react": {
      "version": "19.2.0",
      "resolved": "https://registry.npmjs.org/react/-/react-19.2.0.tgz",
      "integrity": "sha512-tmbWg6W31tQLeB5cdIBOicJDJRR2KzXsV7uSK9iNfLWQ5bIZfxuPEHp7M8wiHyHnn0DD1i7w3Zmin0FtkrwoCQ==",
      "license": "MIT",
      "peer": true,
      "engines": {
        "node": ">=0.10.0"
      }
    }
  }
}
